
Microsoft Visual Studio Solution File, Format Version 12.00
# Visual Studio 15
VisualStudioVersion = 15.0.28010.2050
MinimumVisualStudioVersion = 10.0.40219.1
Project("{9092AA53-FB77-4645-B42D-1CCCA6BD08BD}") = "Gazelle.JS", "..\Gazelle.JS\Gazelle.JS.njsproj", "{D495CE76-82BE-4552-B538-15702BDB63F4}"
EndProject
Global
	GlobalSection(SolutionConfigurationPlatforms) = preSolution
		Debug|Any CPU = Debug|Any CPU
		Release|Any CPU = Release|Any CPU
	EndGlobalSection
	GlobalSection(ProjectConfigurationPlatforms) = postSolution
		{D495CE76-82BE-4552-B538-15702BDB63F4}.Debug|Any CPU.ActiveCfg = Debug|Any CPU
		{D495CE76-82BE-4552-B538-15702BDB63F4}.Debug|Any CPU.Build.0 = Debug|Any CPU
		{D495CE76-82BE-4552-B538-15702BDB63F4}.Release|Any CPU.ActiveCfg = Release|Any CPU
		{D495CE76-82BE-4552-B538-15702BDB63F4}.Release|Any CPU.Build.0 = Release|Any CPU
	EndGlobalSection
	GlobalSection(SolutionProperties) = preSolution
		HideSolutionNode = FALSE
	EndGlobalSection
	GlobalSection(ExtensibilityGlobals) = postSolution
		SolutionGuid = {6CBB5D7D-2D64-4CEC-8113-92237B924F3E}
	EndGlobalSection
EndGlobal
